{
    "name": "roles_reversed_chess",
    "version": "0.0.1",
    "lockfileVersion": 2,
    "requires": true,
    "packages": {
        "": {
            "name": "roles_reversed_chess",
            "version": "0.0.1",
            "dependencies": {
                "stockfish": "^11.0.0"
            },
            "devDependencies": {
                "@types/node": "^20.4.0",
                "typescript": "^5.1.6"
            }
        },
        "node_modules/@types/node": {
            "version": "20.4.0",
            "resolved": "https://registry.npmjs.org/@types/node/-/node-20.4.0.tgz",
            "integrity": "sha512-jfT7iTf/4kOQ9S7CHV9BIyRaQqHu67mOjsIQBC3BKZvzvUB6zLxEwJ6sBE3ozcvP8kF6Uk5PXN0Q+c0dfhGX0g==",
            "dev": true
        },
        "node_modules/stockfish": {
            "version": "11.0.0",
            "resolved": "https://registry.npmjs.org/stockfish/-/stockfish-11.0.0.tgz",
            "integrity": "sha512-M/+2dCK7G1FXCuM9IrmqibCXcV5sn+rwkvVCVtb5szfMfnxmC3+2Nw79d0RnTbUlWblj+wKVfVpmRqJNkM7fMA==",
            "bin": {
                "stockfishjs": "stockfishjs"
            }
        },
        "node_modules/typescript": {
            "version": "5.1.6",
            "resolved": "https://registry.npmjs.org/typescript/-/typescript-5.1.6.tgz",
            "integrity": "sha512-zaWCozRZ6DLEWAWFrVDz1H6FVXzUSfTy5FUMWsQlU8Ym5JP9eO4xkTIROFCQvhQf61z6O/G6ugw3SgAnvvm+HA==",
            "dev": true,
            "bin": {
                "tsc": "bin/tsc",
                "tsserver": "bin/tsserver"
            },
            "engines": {
                "node": ">=14.17"
            }
        }
    },
    "dependencies": {
        "@types/node": {
            "version": "20.4.0",
            "resolved": "https://registry.npmjs.org/@types/node/-/node-20.4.0.tgz",
            "integrity": "sha512-jfT7iTf/4kOQ9S7CHV9BIyRaQqHu67mOjsIQBC3BKZvzvUB6zLxEwJ6sBE3ozcvP8kF6Uk5PXN0Q+c0dfhGX0g==",
            "dev": true
        },
        "stockfish": {
            "version": "11.0.0",
            "resolved": "https://registry.npmjs.org/stockfish/-/stockfish-11.0.0.tgz",
            "integrity": "sha512-M/+2dCK7G1FXCuM9IrmqibCXcV5sn+rwkvVCVtb5szfMfnxmC3+2Nw79d0RnTbUlWblj+wKVfVpmRqJNkM7fMA=="
        },
        "typescript": {
            "version": "5.1.6",
            "resolved": "https://registry.npmjs.org/typescript/-/typescript-5.1.6.tgz",
            "integrity": "sha512-zaWCozRZ6DLEWAWFrVDz1H6FVXzUSfTy5FUMWsQlU8Ym5JP9eO4xkTIROFCQvhQf61z6O/G6ugw3SgAnvvm+HA==",
            "dev": true
        }
    }
}
